schema: '2.0'
stages:
  data_ingestion:
    cmd: python -m src.data_ingestion
    deps:
    - path: config/paths_config.py
      hash: md5
      md5: 109adc5d69a32cf3bfb9558b66e64c62
      size: 679
    - path: src/data_ingestion.py
      hash: md5
      md5: b740a696f8691543f9ff6eed7e87b06a
      size: 1765
    outs:
    - path: artifacts/ingested_data
      hash: md5
      md5: 45a4cdee4f63606cc2247532f684c74e.dir
      size: 12089591
      nfiles: 2
  data_processing:
    cmd: python -m src.data_processing
    deps:
    - path: config/paths_config.py
      hash: md5
      md5: 109adc5d69a32cf3bfb9558b66e64c62
      size: 679
    - path: src/data_processing.py
      hash: md5
      md5: c3aa6b85cb72de671b3fd52e060d1522
      size: 3781
    outs:
    - path: artifacts/processed_data
      hash: md5
      md5: 1106c5173b39bf5109ab1ef09dc0d032.dir
      size: 8995382
      nfiles: 1
  feature_engineering:
    cmd: python -m src.feature_engineering
    deps:
    - path: config/paths_config.py
      hash: md5
      md5: 109adc5d69a32cf3bfb9558b66e64c62
      size: 679
    - path: src/feature_engineering.py
      hash: md5
      md5: 08604c292945b8c3ca8c847ff3f7b7a1
      size: 4735
    - path: utils/helpers.py
      hash: md5
      md5: aed51c64253679f923bbc68935b93728
      size: 592
    outs:
    - path: artifacts/engineered_data
      hash: md5
      md5: b2a639f9be127c54e9adb9fe73edec1f.dir
      size: 3434196
      nfiles: 1
  model_selection:
    cmd: python -m src.model_selection
    deps:
    - path: config/paths_config.py
      hash: md5
      md5: 109adc5d69a32cf3bfb9558b66e64c62
      size: 679
    - path: src/model_selection.py
      hash: md5
      md5: 4d44c9198094cc1a16b7c1478c29f737
      size: 5645
    - path: utils/helpers.py
      hash: md5
      md5: aed51c64253679f923bbc68935b93728
      size: 592
  model_training:
    cmd: python -m src.model_training
    deps:
    - path: config/paths_config.py
      hash: md5
      md5: 109adc5d69a32cf3bfb9558b66e64c62
      size: 679
    - path: src/model_training.py
      hash: md5
      md5: 53c5903f568db26ced3403ed0079f779
      size: 5015
    - path: utils/helpers.py
      hash: md5
      md5: aed51c64253679f923bbc68935b93728
      size: 592
    outs:
    - path: artifacts/models
      hash: md5
      md5: bf50168007ea65c10466e99a39fac5d2.dir
      size: 691412
      nfiles: 1
